
Microsoft Visual Studio Solution File, Format Version 12.00
# Visual Studio Version 16
VisualStudioVersion = 16.0.32002.261
MinimumVisualStudioVersion = 10.0.40219.1
Project("{FAE04EC0-301F-11D3-BF4B-00C04F79EFBC}") = "T_eda", "T_eda\T_eda.csproj", "{D06B9659-9883-4D4E-9D5A-100E14ECCDBB}"
EndProject
Global
	GlobalSection(SolutionConfigurationPlatforms) = preSolution
		Debug|Any CPU = Debug|Any CPU
		Release|Any CPU = Release|Any CPU
	EndGlobalSection
	GlobalSection(ProjectConfigurationPlatforms) = postSolution
		{D06B9659-9883-4D4E-9D5A-100E14ECCDBB}.Debug|Any CPU.ActiveCfg = Debug|Any CPU
		{D06B9659-9883-4D4E-9D5A-100E14ECCDBB}.Debug|Any CPU.Build.0 = Debug|Any CPU
		{D06B9659-9883-4D4E-9D5A-100E14ECCDBB}.Release|Any CPU.ActiveCfg = Release|Any CPU
		{D06B9659-9883-4D4E-9D5A-100E14ECCDBB}.Release|Any CPU.Build.0 = Release|Any CPU
	EndGlobalSection
	GlobalSection(SolutionProperties) = preSolution
		HideSolutionNode = FALSE
	EndGlobalSection
	GlobalSection(ExtensibilityGlobals) = postSolution
		SolutionGuid = {562546F8-21B5-44E2-ACD2-DAA01758873B}
	EndGlobalSection
EndGlobal
